
Microsoft Visual Studio Solution File, Format Version 12.00
# Visual Studio 15
VisualStudioVersion = 15.0.26124.0
MinimumVisualStudioVersion = 15.0.26124.0
Project("{2150E333-8FDC-42A3-9474-1A3956D46DE8}") = "src", "src", "{FBA0CFA5-45D3-45FD-8079-1F45CB290951}"
EndProject
Project("{FAE04EC0-301F-11D3-BF4B-00C04F79EFBC}") = "Todo.Domain", "src\Todo.Domain\Todo.Domain.csproj", "{DACFE5DF-DCAA-402B-AAE0-BFECDC727917}"
EndProject
Project("{FAE04EC0-301F-11D3-BF4B-00C04F79EFBC}") = "Todo.Infra", "src\Todo.Infra\Todo.Infra.csproj", "{6667915B-ECAA-4B4E-A6C0-F481C5562425}"
EndProject
Project("{FAE04EC0-301F-11D3-BF4B-00C04F79EFBC}") = "Todo.Tests", "src\Todo.Tests\Todo.Tests.csproj", "{801BAC5A-2E47-4EF8-B8B9-1E9CC8EE400B}"
EndProject
Project("{FAE04EC0-301F-11D3-BF4B-00C04F79EFBC}") = "Todo.Api", "src\Todo.Api\Todo.Api.csproj", "{60A1E466-81F6-4161-BD51-B382A338F23F}"
EndProject
Project("{FAE04EC0-301F-11D3-BF4B-00C04F79EFBC}") = "Todo.Domain.Shared", "src\Todo.Domain.Shared\Todo.Domain.Shared.csproj", "{FF23DEAA-1F73-4555-AF0A-CDE2251F02F5}"
EndProject
Project("{FAE04EC0-301F-11D3-BF4B-00C04F79EFBC}") = "Todo.Infra.CrossCutting", "src\Todo.Infra.CrossCutting\Todo.Infra.CrossCutting.csproj", "{719B6F88-D127-48A9-9CD8-0E45E5C09FA9}"
EndProject
Global
	GlobalSection(SolutionConfigurationPlatforms) = preSolution
		Debug|Any CPU = Debug|Any CPU
		Debug|x64 = Debug|x64
		Debug|x86 = Debug|x86
		Release|Any CPU = Release|Any CPU
		Release|x64 = Release|x64
		Release|x86 = Release|x86
	EndGlobalSection
	GlobalSection(SolutionProperties) = preSolution
		HideSolutionNode = FALSE
	EndGlobalSection
	GlobalSection(ProjectConfigurationPlatforms) = postSolution
		{DACFE5DF-DCAA-402B-AAE0-BFECDC727917}.Debug|Any CPU.ActiveCfg = Debug|Any CPU
		{DACFE5DF-DCAA-402B-AAE0-BFECDC727917}.Debug|Any CPU.Build.0 = Debug|Any CPU
		{DACFE5DF-DCAA-402B-AAE0-BFECDC727917}.Debug|x64.ActiveCfg = Debug|Any CPU
		{DACFE5DF-DCAA-402B-AAE0-BFECDC727917}.Debug|x64.Build.0 = Debug|Any CPU
		{DACFE5DF-DCAA-402B-AAE0-BFECDC727917}.Debug|x86.ActiveCfg = Debug|Any CPU
		{DACFE5DF-DCAA-402B-AAE0-BFECDC727917}.Debug|x86.Build.0 = Debug|Any CPU
		{DACFE5DF-DCAA-402B-AAE0-BFECDC727917}.Release|Any CPU.ActiveCfg = Release|Any CPU
		{DACFE5DF-DCAA-402B-AAE0-BFECDC727917}.Release|Any CPU.Build.0 = Release|Any CPU
		{DACFE5DF-DCAA-402B-AAE0-BFECDC727917}.Release|x64.ActiveCfg = Release|Any CPU
		{DACFE5DF-DCAA-402B-AAE0-BFECDC727917}.Release|x64.Build.0 = Release|Any CPU
		{DACFE5DF-DCAA-402B-AAE0-BFECDC727917}.Release|x86.ActiveCfg = Release|Any CPU
		{DACFE5DF-DCAA-402B-AAE0-BFECDC727917}.Release|x86.Build.0 = Release|Any CPU
		{6667915B-ECAA-4B4E-A6C0-F481C5562425}.Debug|Any CPU.ActiveCfg = Debug|Any CPU
		{6667915B-ECAA-4B4E-A6C0-F481C5562425}.Debug|Any CPU.Build.0 = Debug|Any CPU
		{6667915B-ECAA-4B4E-A6C0-F481C5562425}.Debug|x64.ActiveCfg = Debug|Any CPU
		{6667915B-ECAA-4B4E-A6C0-F481C5562425}.Debug|x64.Build.0 = Debug|Any CPU
		{6667915B-ECAA-4B4E-A6C0-F481C5562425}.Debug|x86.ActiveCfg = Debug|Any CPU
		{6667915B-ECAA-4B4E-A6C0-F481C5562425}.Debug|x86.Build.0 = Debug|Any CPU
		{6667915B-ECAA-4B4E-A6C0-F481C5562425}.Release|Any CPU.ActiveCfg = Release|Any CPU
		{6667915B-ECAA-4B4E-A6C0-F481C5562425}.Release|Any CPU.Build.0 = Release|Any CPU
		{6667915B-ECAA-4B4E-A6C0-F481C5562425}.Release|x64.ActiveCfg = Release|Any CPU
		{6667915B-ECAA-4B4E-A6C0-F481C5562425}.Release|x64.Build.0 = Release|Any CPU
		{6667915B-ECAA-4B4E-A6C0-F481C5562425}.Release|x86.ActiveCfg = Release|Any CPU
		{6667915B-ECAA-4B4E-A6C0-F481C5562425}.Release|x86.Build.0 = Release|Any CPU
		{801BAC5A-2E47-4EF8-B8B9-1E9CC8EE400B}.Debug|Any CPU.ActiveCfg = Debug|Any CPU
		{801BAC5A-2E47-4EF8-B8B9-1E9CC8EE400B}.Debug|Any CPU.Build.0 = Debug|Any CPU
		{801BAC5A-2E47-4EF8-B8B9-1E9CC8EE400B}.Debug|x64.ActiveCfg = Debug|Any CPU
		{801BAC5A-2E47-4EF8-B8B9-1E9CC8EE400B}.Debug|x64.Build.0 = Debug|Any CPU
		{801BAC5A-2E47-4EF8-B8B9-1E9CC8EE400B}.Debug|x86.ActiveCfg = Debug|Any CPU
		{801BAC5A-2E47-4EF8-B8B9-1E9CC8EE400B}.Debug|x86.Build.0 = Debug|Any CPU
		{801BAC5A-2E47-4EF8-B8B9-1E9CC8EE400B}.Release|Any CPU.ActiveCfg = Release|Any CPU
		{801BAC5A-2E47-4EF8-B8B9-1E9CC8EE400B}.Release|Any CPU.Build.0 = Release|Any CPU
		{801BAC5A-2E47-4EF8-B8B9-1E9CC8EE400B}.Release|x64.ActiveCfg = Release|Any CPU
		{801BAC5A-2E47-4EF8-B8B9-1E9CC8EE400B}.Release|x64.Build.0 = Release|Any CPU
		{801BAC5A-2E47-4EF8-B8B9-1E9CC8EE400B}.Release|x86.ActiveCfg = Release|Any CPU
		{801BAC5A-2E47-4EF8-B8B9-1E9CC8EE400B}.Release|x86.Build.0 = Release|Any CPU
		{60A1E466-81F6-4161-BD51-B382A338F23F}.Debug|Any CPU.ActiveCfg = Debug|Any CPU
		{60A1E466-81F6-4161-BD51-B382A338F23F}.Debug|Any CPU.Build.0 = Debug|Any CPU
		{60A1E466-81F6-4161-BD51-B382A338F23F}.Debug|x64.ActiveCfg = Debug|Any CPU
		{60A1E466-81F6-4161-BD51-B382A338F23F}.Debug|x64.Build.0 = Debug|Any CPU
		{60A1E466-81F6-4161-BD51-B382A338F23F}.Debug|x86.ActiveCfg = Debug|Any CPU
		{60A1E466-81F6-4161-BD51-B382A338F23F}.Debug|x86.Build.0 = Debug|Any CPU
		{60A1E466-81F6-4161-BD51-B382A338F23F}.Release|Any CPU.ActiveCfg = Release|Any CPU
		{60A1E466-81F6-4161-BD51-B382A338F23F}.Release|Any CPU.Build.0 = Release|Any CPU
		{60A1E466-81F6-4161-BD51-B382A338F23F}.Release|x64.ActiveCfg = Release|Any CPU
		{60A1E466-81F6-4161-BD51-B382A338F23F}.Release|x64.Build.0 = Release|Any CPU
		{60A1E466-81F6-4161-BD51-B382A338F23F}.Release|x86.ActiveCfg = Release|Any CPU
		{60A1E466-81F6-4161-BD51-B382A338F23F}.Release|x86.Build.0 = Release|Any CPU
		{FF23DEAA-1F73-4555-AF0A-CDE2251F02F5}.Debug|Any CPU.ActiveCfg = Debug|Any CPU
		{FF23DEAA-1F73-4555-AF0A-CDE2251F02F5}.Debug|Any CPU.Build.0 = Debug|Any CPU
		{FF23DEAA-1F73-4555-AF0A-CDE2251F02F5}.Debug|x64.ActiveCfg = Debug|Any CPU
		{FF23DEAA-1F73-4555-AF0A-CDE2251F02F5}.Debug|x64.Build.0 = Debug|Any CPU
		{FF23DEAA-1F73-4555-AF0A-CDE2251F02F5}.Debug|x86.ActiveCfg = Debug|Any CPU
		{FF23DEAA-1F73-4555-AF0A-CDE2251F02F5}.Debug|x86.Build.0 = Debug|Any CPU
		{FF23DEAA-1F73-4555-AF0A-CDE2251F02F5}.Release|Any CPU.ActiveCfg = Release|Any CPU
		{FF23DEAA-1F73-4555-AF0A-CDE2251F02F5}.Release|Any CPU.Build.0 = Release|Any CPU
		{FF23DEAA-1F73-4555-AF0A-CDE2251F02F5}.Release|x64.ActiveCfg = Release|Any CPU
		{FF23DEAA-1F73-4555-AF0A-CDE2251F02F5}.Release|x64.Build.0 = Release|Any CPU
		{FF23DEAA-1F73-4555-AF0A-CDE2251F02F5}.Release|x86.ActiveCfg = Release|Any CPU
		{FF23DEAA-1F73-4555-AF0A-CDE2251F02F5}.Release|x86.Build.0 = Release|Any CPU
		{719B6F88-D127-48A9-9CD8-0E45E5C09FA9}.Debug|Any CPU.ActiveCfg = Debug|Any CPU
		{719B6F88-D127-48A9-9CD8-0E45E5C09FA9}.Debug|Any CPU.Build.0 = Debug|Any CPU
		{719B6F88-D127-48A9-9CD8-0E45E5C09FA9}.Debug|x64.ActiveCfg = Debug|Any CPU
		{719B6F88-D127-48A9-9CD8-0E45E5C09FA9}.Debug|x64.Build.0 = Debug|Any CPU
		{719B6F88-D127-48A9-9CD8-0E45E5C09FA9}.Debug|x86.ActiveCfg = Debug|Any CPU
		{719B6F88-D127-48A9-9CD8-0E45E5C09FA9}.Debug|x86.Build.0 = Debug|Any CPU
		{719B6F88-D127-48A9-9CD8-0E45E5C09FA9}.Release|Any CPU.ActiveCfg = Release|Any CPU
		{719B6F88-D127-48A9-9CD8-0E45E5C09FA9}.Release|Any CPU.Build.0 = Release|Any CPU
		{719B6F88-D127-48A9-9CD8-0E45E5C09FA9}.Release|x64.ActiveCfg = Release|Any CPU
		{719B6F88-D127-48A9-9CD8-0E45E5C09FA9}.Release|x64.Build.0 = Release|Any CPU
		{719B6F88-D127-48A9-9CD8-0E45E5C09FA9}.Release|x86.ActiveCfg = Release|Any CPU
		{719B6F88-D127-48A9-9CD8-0E45E5C09FA9}.Release|x86.Build.0 = Release|Any CPU
	EndGlobalSection
	GlobalSection(NestedProjects) = preSolution
		{DACFE5DF-DCAA-402B-AAE0-BFECDC727917} = {FBA0CFA5-45D3-45FD-8079-1F45CB290951}
		{6667915B-ECAA-4B4E-A6C0-F481C5562425} = {FBA0CFA5-45D3-45FD-8079-1F45CB290951}
		{801BAC5A-2E47-4EF8-B8B9-1E9CC8EE400B} = {FBA0CFA5-45D3-45FD-8079-1F45CB290951}
		{60A1E466-81F6-4161-BD51-B382A338F23F} = {FBA0CFA5-45D3-45FD-8079-1F45CB290951}
		{FF23DEAA-1F73-4555-AF0A-CDE2251F02F5} = {FBA0CFA5-45D3-45FD-8079-1F45CB290951}
		{719B6F88-D127-48A9-9CD8-0E45E5C09FA9} = {FBA0CFA5-45D3-45FD-8079-1F45CB290951}
	EndGlobalSection
EndGlobal
